{
  "name": "06",
  "version": "1.0.0",
  "lockfileVersion": 2,
  "requires": true,
  "packages": {
    "": {
      "name": "06",
      "version": "1.0.0",
      "license": "ISC",
      "dependencies": {
        "typescript": "^4.5.4"
      },
      "devDependencies": {
        "@types/node": "^16.11.15"
      }
    },
    "node_modules/@types/node": {
      "version": "16.11.15",
      "resolved": "https://registry.npmjs.org/@types/node/-/node-16.11.15.tgz",
      "integrity": "sha512-LMGR7iUjwZRxoYnfc9+YELxwqkaLmkJlo4/HUvOMyGvw9DaHO0gtAbH2FUdoFE6PXBTYZIT7x610r7kdo8o1fQ==",
      "dev": true
    },
    "node_modules/typescript": {
      "version": "4.5.4",
      "resolved": "https://registry.npmjs.org/typescript/-/typescript-4.5.4.tgz",
      "integrity": "sha512-VgYs2A2QIRuGphtzFV7aQJduJ2gyfTljngLzjpfW9FoYZF6xuw1W0vW9ghCKLfcWrCFxK81CSGRAvS1pn4fIUg==",
      "bin": {
        "tsc": "bin/tsc",
        "tsserver": "bin/tsserver"
      },
      "engines": {
        "node": ">=4.2.0"
      }
    }
  },
  "dependencies": {
    "@types/node": {
      "version": "16.11.15",
      "resolved": "https://registry.npmjs.org/@types/node/-/node-16.11.15.tgz",
      "integrity": "sha512-LMGR7iUjwZRxoYnfc9+YELxwqkaLmkJlo4/HUvOMyGvw9DaHO0gtAbH2FUdoFE6PXBTYZIT7x610r7kdo8o1fQ==",
      "dev": true
    },
    "typescript": {
      "version": "4.5.4",
      "resolved": "https://registry.npmjs.org/typescript/-/typescript-4.5.4.tgz",
      "integrity": "sha512-VgYs2A2QIRuGphtzFV7aQJduJ2gyfTljngLzjpfW9FoYZF6xuw1W0vW9ghCKLfcWrCFxK81CSGRAvS1pn4fIUg=="
    }
  }
}
